
Microsoft Visual Studio Solution File, Format Version 12.00
# Visual Studio Version 17
VisualStudioVersion = 17.8.34322.80
MinimumVisualStudioVersion = 10.0.40219.1
Project("{FAE04EC0-301F-11D3-BF4B-00C04F79EFBC}") = "CleanSoftware.Domain", "CleanSoftware.Domain\CleanSoftware.Domain.csproj", "{DB25E92C-6F0F-4943-8EEE-69911707D3CD}"
EndProject
Global
	GlobalSection(SolutionConfigurationPlatforms) = preSolution
		Debug|Any CPU = Debug|Any CPU
		Release|Any CPU = Release|Any CPU
	EndGlobalSection
	GlobalSection(ProjectConfigurationPlatforms) = postSolution
		{DB25E92C-6F0F-4943-8EEE-69911707D3CD}.Debug|Any CPU.ActiveCfg = Debug|Any CPU
		{DB25E92C-6F0F-4943-8EEE-69911707D3CD}.Debug|Any CPU.Build.0 = Debug|Any CPU
		{DB25E92C-6F0F-4943-8EEE-69911707D3CD}.Release|Any CPU.ActiveCfg = Release|Any CPU
		{DB25E92C-6F0F-4943-8EEE-69911707D3CD}.Release|Any CPU.Build.0 = Release|Any CPU
	EndGlobalSection
	GlobalSection(SolutionProperties) = preSolution
		HideSolutionNode = FALSE
	EndGlobalSection
	GlobalSection(ExtensibilityGlobals) = postSolution
		SolutionGuid = {AAEE77E8-2736-4257-BD57-759A45AC8BF9}
	EndGlobalSection
EndGlobal
